// !$*UTF8*$!
{
	archiveVersion = 1;
	classes = {
	};
	objectVersion = 46;
	objects = {

/* Begin PBXBuildFile section */
		EF73CD0F1D76AB2800925939 /* 1_hello_world.c in Sources */ = {isa = PBXBuildFile; fileRef = EF73CD0E1D76AB2800925939 /* 1_hello_world.c */; };
		EF73CD191D77202900925939 /* 2_fahrenheit_celsius_converter.c in Sources */ = {isa = PBXBuildFile; fileRef = EF73CD181D77202900925939 /* 2_fahrenheit_celsius_converter.c */; };
		EF73CD1B1D77260C00925939 /* 3_data_type_limits.c in Sources */ = {isa = PBXBuildFile; fileRef = EF73CD1A1D77260C00925939 /* 3_data_type_limits.c */; };
		EF73CD1D1D778FAC00925939 /* 4_math_operations.c in Sources */ = {isa = PBXBuildFile; fileRef = EF73CD1C1D778FAC00925939 /* 4_math_operations.c */; };
		EF73CD1F1D779C2000925939 /* 5_loops.c in Sources */ = {isa = PBXBuildFile; fileRef = EF73CD1E1D779C2000925939 /* 5_loops.c */; };
		EF73CD211D77E5A900925939 /* 6_functions_and_pointers.c in Sources */ = {isa = PBXBuildFile; fileRef = EF73CD201D77E5A900925939 /* 6_functions_and_pointers.c */; };
		EF73CD231D786C7D00925939 /* 7_structs.c in Sources */ = {isa = PBXBuildFile; fileRef = EF73CD221D786C7D00925939 /* 7_structs.c */; };
/* End PBXBuildFile section */

/* Begin PBXCopyFilesBuildPhase section */
		EF73CD091D76AB2800925939 /* CopyFiles */ = {
			isa = PBXCopyFilesBuildPhase;
			buildActionMask = 2147483647;
			dstPath = /usr/share/man/man1/;
			dstSubfolderSpec = 0;
			files = (
			);
			runOnlyForDeploymentPostprocessing = 1;
		};
/* End PBXCopyFilesBuildPhase section */

/* Begin PBXFileReference section */
		EF73CD0B1D76AB2800925939 /* ObjCTut */ = {isa = PBXFileReference; explicitFileType = "compiled.mach-o.executable"; includeInIndex = 0; path = ObjCTut; sourceTree = BUILT_PRODUCTS_DIR; };
		EF73CD0E1D76AB2800925939 /* 1_hello_world.c */ = {isa = PBXFileReference; lastKnownFileType = sourcecode.c.c; path = 1_hello_world.c; sourceTree = "<group>"; };
		EF73CD181D77202900925939 /* 2_fahrenheit_celsius_converter.c */ = {isa = PBXFileReference; fileEncoding = 4; lastKnownFileType = sourcecode.c.c; path = 2_fahrenheit_celsius_converter.c; sourceTree = "<group>"; };
		EF73CD1A1D77260C00925939 /* 3_data_type_limits.c */ = {isa = PBXFileReference; fileEncoding = 4; lastKnownFileType = sourcecode.c.c; path = 3_data_type_limits.c; sourceTree = "<group>"; };
		EF73CD1C1D778FAC00925939 /* 4_math_operations.c */ = {isa = PBXFileReference; fileEncoding = 4; lastKnownFileType = sourcecode.c.c; path = 4_math_operations.c; sourceTree = "<group>"; };
		EF73CD1E1D779C2000925939 /* 5_loops.c */ = {isa = PBXFileReference; fileEncoding = 4; lastKnownFileType = sourcecode.c.c; path = 5_loops.c; sourceTree = "<group>"; };
		EF73CD201D77E5A900925939 /* 6_functions_and_pointers.c */ = {isa = PBXFileReference; fileEncoding = 4; lastKnownFileType = sourcecode.c.c; path = 6_functions_and_pointers.c; sourceTree = "<group>"; };
		EF73CD221D786C7D00925939 /* 7_structs.c */ = {isa = PBXFileReference; fileEncoding = 4; lastKnownFileType = sourcecode.c.c; path = 7_structs.c; sourceTree = "<group>"; };
/* End PBXFileReference section */

/* Begin PBXFrameworksBuildPhase section */
		EF73CD081D76AB2800925939 /* Frameworks */ = {
			isa = PBXFrameworksBuildPhase;
			buildActionMask = 2147483647;
			files = (
			);
			runOnlyForDeploymentPostprocessing = 0;
		};
/* End PBXFrameworksBuildPhase section */

/* Begin PBXGroup section */
		EF73CD021D76AB2800925939 = {
			isa = PBXGroup;
			children = (
				EF73CD0D1D76AB2800925939 /* ObjCTut */,
				EF73CD0C1D76AB2800925939 /* Products */,
			);
			sourceTree = "<group>";
		};
		EF73CD0C1D76AB2800925939 /* Products */ = {
			isa = PBXGroup;
			children = (
				EF73CD0B1D76AB2800925939 /* ObjCTut */,
			);
			name = Products;
			sourceTree = "<group>";
		};
		EF73CD0D1D76AB2800925939 /* ObjCTut */ = {
			isa = PBXGroup;
			children = (
				EF73CD0E1D76AB2800925939 /* 1_hello_world.c */,
				EF73CD181D77202900925939 /* 2_fahrenheit_celsius_converter.c */,
				EF73CD1A1D77260C00925939 /* 3_data_type_limits.c */,
				EF73CD1C1D778FAC00925939 /* 4_math_operations.c */,
				EF73CD1E1D779C2000925939 /* 5_loops.c */,
				EF73CD201D77E5A900925939 /* 6_functions_and_pointers.c */,
				EF73CD221D786C7D00925939 /* 7_structs.c */,
			);
			path = ObjCTut;
			sourceTree = "<group>";
		};
/* End PBXGroup section */

/* Begin PBXNativeTarget section */
		EF73CD0A1D76AB2800925939 /* ObjCTut */ = {
			isa = PBXNativeTarget;
			buildConfigurationList = EF73CD121D76AB2800925939 /* Build configuration list for PBXNativeTarget "ObjCTut" */;
			buildPhases = (
				EF73CD071D76AB2800925939 /* Sources */,
				EF73CD081D76AB2800925939 /* Frameworks */,
				EF73CD091D76AB2800925939 /* CopyFiles */,
			);
			buildRules = (
			);
			dependencies = (
			);
			name = ObjCTut;
			productName = ObjCTut;
			productReference = EF73CD0B1D76AB2800925939 /* ObjCTut */;
			productType = "com.apple.product-type.tool";
		};
/* End PBXNativeTarget section */

/* Begin PBXProject section */
		EF73CD031D76AB2800925939 /* Project object */ = {
			isa = PBXProject;
			attributes = {
				LastUpgradeCheck = 0730;
				ORGANIZATIONNAME = patrix;
				TargetAttributes = {
					EF73CD0A1D76AB2800925939 = {
						CreatedOnToolsVersion = 7.3.1;
					};
				};
			};
			buildConfigurationList = EF73CD061D76AB2800925939 /* Build configuration list for PBXProject "ObjCTut" */;
			compatibilityVersion = "Xcode 3.2";
			developmentRegion = English;
			hasScannedForEncodings = 0;
			knownRegions = (
				en,
			);
			mainGroup = EF73CD021D76AB2800925939;
			productRefGroup = EF73CD0C1D76AB2800925939 /* Products */;
			projectDirPath = "";
			projectRoot = "";
			targets = (
				EF73CD0A1D76AB2800925939 /* ObjCTut */,
			);
		};
/* End PBXProject section */

/* Begin PBXSourcesBuildPhase section */
		EF73CD071D76AB2800925939 /* Sources */ = {
			isa = PBXSourcesBuildPhase;
			buildActionMask = 2147483647;
			files = (
				EF73CD1D1D778FAC00925939 /* 4_math_operations.c in Sources */,
				EF73CD1B1D77260C00925939 /* 3_data_type_limits.c in Sources */,
				EF73CD191D77202900925939 /* 2_fahrenheit_celsius_converter.c in Sources */,
				EF73CD0F1D76AB2800925939 /* 1_hello_world.c in Sources */,
				EF73CD211D77E5A900925939 /* 6_functions_and_pointers.c in Sources */,
				EF73CD231D786C7D00925939 /* 7_structs.c in Sources */,
				EF73CD1F1D779C2000925939 /* 5_loops.c in Sources */,
			);
			runOnlyForDeploymentPostprocessing = 0;
		};
/* End PBXSourcesBuildPhase section */

/* Begin XCBuildConfiguration section */
		EF73CD101D76AB2800925939 /* Debug */ = {
			isa = XCBuildConfiguration;
			buildSettings = {
				ALWAYS_SEARCH_USER_PATHS = NO;
				CLANG_ANALYZER_NONNULL = YES;
				CLANG_CXX_LANGUAGE_STANDARD = "gnu++0x";
				CLANG_CXX_LIBRARY = "libc++";
				CLANG_ENABLE_MODULES = YES;
				CLANG_ENABLE_OBJC_ARC = YES;
				CLANG_WARN_BOOL_CONVERSION = YES;
				CLANG_WARN_CONSTANT_CONVERSION = YES;
				CLANG_WARN_DIRECT_OBJC_ISA_USAGE = YES_ERROR;
				CLANG_WARN_EMPTY_BODY = YES;
				CLANG_WARN_ENUM_CONVERSION = YES;
				CLANG_WARN_INT_CONVERSION = YES;
				CLANG_WARN_OBJC_ROOT_CLASS = YES_ERROR;
				CLANG_WARN_UNREACHABLE_CODE = YES;
				CLANG_WARN__DUPLICATE_METHOD_MATCH = YES;
				CODE_SIGN_IDENTITY = "-";
				COPY_PHASE_STRIP = NO;
				DEBUG_INFORMATION_FORMAT = dwarf;
				ENABLE_STRICT_OBJC_MSGSEND = YES;
				ENABLE_TESTABILITY = YES;
				GCC_C_LANGUAGE_STANDARD = gnu99;
				GCC_DYNAMIC_NO_PIC = NO;
				GCC_NO_COMMON_BLOCKS = YES;
				GCC_OPTIMIZATION_LEVEL = 0;
				GCC_PREPROCESSOR_DEFINITIONS = (
					"DEBUG=1",
					"$(inherited)",
				);
				GCC_WARN_64_TO_32_BIT_CONVERSION = YES;
				GCC_WARN_ABOUT_RETURN_TYPE = YES_ERROR;
				GCC_WARN_UNDECLARED_SELECTOR = YES;
				GCC_WARN_UNINITIALIZED_AUTOS = YES_AGGRESSIVE;
				GCC_WARN_UNUSED_FUNCTION = YES;
				GCC_WARN_UNUSED_VARIABLE = YES;
				MACOSX_DEPLOYMENT_TARGET = 10.11;
				MTL_ENABLE_DEBUG_INFO = YES;
				ONLY_ACTIVE_ARCH = YES;
				SDKROOT = macosx;
			};
			name = Debug;
		};
		EF73CD111D76AB2800925939 /* Release */ = {
			isa = XCBuildConfiguration;
			buildSettings = {
				ALWAYS_SEARCH_USER_PATHS = NO;
				CLANG_ANALYZER_NONNULL = YES;
				CLANG_CXX_LANGUAGE_STANDARD = "gnu++0x";
				CLANG_CXX_LIBRARY = "libc++";
				CLANG_ENABLE_MODULES = YES;
				CLANG_ENABLE_OBJC_ARC = YES;
				CLANG_WARN_BOOL_CONVERSION = YES;
				CLANG_WARN_CONSTANT_CONVERSION = YES;
				CLANG_WARN_DIRECT_OBJC_ISA_USAGE = YES_ERROR;
				CLANG_WARN_EMPTY_BODY = YES;
				CLANG_WARN_ENUM_CONVERSION = YES;
				CLANG_WARN_INT_CONVERSION = YES;
				CLANG_WARN_OBJC_ROOT_CLASS = YES_ERROR;
				CLANG_WARN_UNREACHABLE_CODE = YES;
				CLANG_WARN__DUPLICATE_METHOD_MATCH = YES;
				CODE_SIGN_IDENTITY = "-";
				COPY_PHASE_STRIP = NO;
				DEBUG_INFORMATION_FORMAT = "dwarf-with-dsym";
				ENABLE_NS_ASSERTIONS = NO;
				ENABLE_STRICT_OBJC_MSGSEND = YES;
				GCC_C_LANGUAGE_STANDARD = gnu99;
				GCC_NO_COMMON_BLOCKS = YES;
				GCC_WARN_64_TO_32_BIT_CONVERSION = YES;
				GCC_WARN_ABOUT_RETURN_TYPE = YES_ERROR;
				GCC_WARN_UNDECLARED_SELECTOR = YES;
				GCC_WARN_UNINITIALIZED_AUTOS = YES_AGGRESSIVE;
				GCC_WARN_UNUSED_FUNCTION = YES;
				GCC_WARN_UNUSED_VARIABLE = YES;
				MACOSX_DEPLOYMENT_TARGET = 10.11;
				MTL_ENABLE_DEBUG_INFO = NO;
				SDKROOT = macosx;
			};
			name = Release;
		};
		EF73CD131D76AB2800925939 /* Debug */ = {
			isa = XCBuildConfiguration;
			buildSettings = {
				PRODUCT_NAME = "$(TARGET_NAME)";
			};
			name = Debug;
		};
		EF73CD141D76AB2800925939 /* Release */ = {
			isa = XCBuildConfiguration;
			buildSettings = {
				PRODUCT_NAME = "$(TARGET_NAME)";
			};
			name = Release;
		};
/* End XCBuildConfiguration section */

/* Begin XCConfigurationList section */
		EF73CD061D76AB2800925939 /* Build configuration list for PBXProject "ObjCTut" */ = {
			isa = XCConfigurationList;
			buildConfigurations = (
				EF73CD101D76AB2800925939 /* Debug */,
				EF73CD111D76AB2800925939 /* Release */,
			);
			defaultConfigurationIsVisible = 0;
			defaultConfigurationName = Release;
		};
		EF73CD121D76AB2800925939 /* Build configuration list for PBXNativeTarget "ObjCTut" */ = {
			isa = XCConfigurationList;
			buildConfigurations = (
				EF73CD131D76AB2800925939 /* Debug */,
				EF73CD141D76AB2800925939 /* Release */,
			);
			defaultConfigurationIsVisible = 0;
		};
/* End XCConfigurationList section */
	};
	rootObject = EF73CD031D76AB2800925939 /* Project object */;
}
